// !$*UTF8*$!
{
	archiveVersion = 1;
	classes = {
	};
	objectVersion = 56;
	objects = {

/* Begin PBXBuildFile section */
		12517078295ED363004F1AFB /* Tutorial_LandmarksApp.swift in Sources */ = {isa = PBXBuildFile; fileRef = 12517077295ED363004F1AFB /* Tutorial_LandmarksApp.swift */; };
		1251707A295ED363004F1AFB /* ContentView.swift in Sources */ = {isa = PBXBuildFile; fileRef = 12517079295ED363004F1AFB /* ContentView.swift */; };
		1251707C295ED364004F1AFB /* Assets.xcassets in Resources */ = {isa = PBXBuildFile; fileRef = 1251707B295ED364004F1AFB /* Assets.xcassets */; };
		1251707F295ED364004F1AFB /* Preview Assets.xcassets in Resources */ = {isa = PBXBuildFile; fileRef = 1251707E295ED364004F1AFB /* Preview Assets.xcassets */; };
		129E50C829616CD4004ED21B /* CircleImage.swift in Sources */ = {isa = PBXBuildFile; fileRef = 129E50C729616CD4004ED21B /* CircleImage.swift */; };
		129E50CA29616DB9004ED21B /* MapView.swift in Sources */ = {isa = PBXBuildFile; fileRef = 129E50C929616DB9004ED21B /* MapView.swift */; };
		129E50CC29617BF0004ED21B /* landmarkData.json in Resources */ = {isa = PBXBuildFile; fileRef = 129E50CB29617BF0004ED21B /* landmarkData.json */; };
		129E50CE29617C21004ED21B /* Landmark.swift in Sources */ = {isa = PBXBuildFile; fileRef = 129E50CD29617C21004ED21B /* Landmark.swift */; };
		129E50D029617DCC004ED21B /* ModelData.swift in Sources */ = {isa = PBXBuildFile; fileRef = 129E50CF29617DCC004ED21B /* ModelData.swift */; };
		129E50D529618061004ED21B /* LandmarkRow.swift in Sources */ = {isa = PBXBuildFile; fileRef = 129E50D429618061004ED21B /* LandmarkRow.swift */; };
		129E50D729618758004ED21B /* LandmarkList.swift in Sources */ = {isa = PBXBuildFile; fileRef = 129E50D629618758004ED21B /* LandmarkList.swift */; };
		129E50D92961893D004ED21B /* LandmarkDetail.swift in Sources */ = {isa = PBXBuildFile; fileRef = 129E50D82961893D004ED21B /* LandmarkDetail.swift */; };
/* End PBXBuildFile section */

/* Begin PBXFileReference section */
		12517074295ED363004F1AFB /* Tutorial_Landmarks.app */ = {isa = PBXFileReference; explicitFileType = wrapper.application; includeInIndex = 0; path = Tutorial_Landmarks.app; sourceTree = BUILT_PRODUCTS_DIR; };
		12517077295ED363004F1AFB /* Tutorial_LandmarksApp.swift */ = {isa = PBXFileReference; lastKnownFileType = sourcecode.swift; path = Tutorial_LandmarksApp.swift; sourceTree = "<group>"; };
		12517079295ED363004F1AFB /* ContentView.swift */ = {isa = PBXFileReference; lastKnownFileType = sourcecode.swift; path = ContentView.swift; sourceTree = "<group>"; };
		1251707B295ED364004F1AFB /* Assets.xcassets */ = {isa = PBXFileReference; lastKnownFileType = folder.assetcatalog; path = Assets.xcassets; sourceTree = "<group>"; };
		1251707E295ED364004F1AFB /* Preview Assets.xcassets */ = {isa = PBXFileReference; lastKnownFileType = folder.assetcatalog; path = "Preview Assets.xcassets"; sourceTree = "<group>"; };
		129E50C729616CD4004ED21B /* CircleImage.swift */ = {isa = PBXFileReference; lastKnownFileType = sourcecode.swift; path = CircleImage.swift; sourceTree = "<group>"; };
		129E50C929616DB9004ED21B /* MapView.swift */ = {isa = PBXFileReference; lastKnownFileType = sourcecode.swift; path = MapView.swift; sourceTree = "<group>"; };
		129E50CB29617BF0004ED21B /* landmarkData.json */ = {isa = PBXFileReference; fileEncoding = 4; lastKnownFileType = text.json; path = landmarkData.json; sourceTree = "<group>"; };
		129E50CD29617C21004ED21B /* Landmark.swift */ = {isa = PBXFileReference; lastKnownFileType = sourcecode.swift; path = Landmark.swift; sourceTree = "<group>"; };
		129E50CF29617DCC004ED21B /* ModelData.swift */ = {isa = PBXFileReference; lastKnownFileType = sourcecode.swift; path = ModelData.swift; sourceTree = "<group>"; };
		129E50D429618061004ED21B /* LandmarkRow.swift */ = {isa = PBXFileReference; lastKnownFileType = sourcecode.swift; path = LandmarkRow.swift; sourceTree = "<group>"; };
		129E50D629618758004ED21B /* LandmarkList.swift */ = {isa = PBXFileReference; lastKnownFileType = sourcecode.swift; path = LandmarkList.swift; sourceTree = "<group>"; };
		129E50D82961893D004ED21B /* LandmarkDetail.swift */ = {isa = PBXFileReference; lastKnownFileType = sourcecode.swift; path = LandmarkDetail.swift; sourceTree = "<group>"; };
/* End PBXFileReference section */

/* Begin PBXFrameworksBuildPhase section */
		12517071295ED363004F1AFB /* Frameworks */ = {
			isa = PBXFrameworksBuildPhase;
			buildActionMask = 2147483647;
			files = (
			);
			runOnlyForDeploymentPostprocessing = 0;
		};
/* End PBXFrameworksBuildPhase section */

/* Begin PBXGroup section */
		1251706B295ED363004F1AFB = {
			isa = PBXGroup;
			children = (
				12517076295ED363004F1AFB /* Tutorial_Landmarks */,
				12517075295ED363004F1AFB /* Products */,
			);
			sourceTree = "<group>";
		};
		12517075295ED363004F1AFB /* Products */ = {
			isa = PBXGroup;
			children = (
				12517074295ED363004F1AFB /* Tutorial_Landmarks.app */,
			);
			name = Products;
			sourceTree = "<group>";
		};
		12517076295ED363004F1AFB /* Tutorial_Landmarks */ = {
			isa = PBXGroup;
			children = (
				12517077295ED363004F1AFB /* Tutorial_LandmarksApp.swift */,
				129E50D329617F97004ED21B /* Resources */,
				129E50D229617F85004ED21B /* Model */,
				129E50D129617F61004ED21B /* Views */,
				1251707B295ED364004F1AFB /* Assets.xcassets */,
				1251707D295ED364004F1AFB /* Preview Content */,
			);
			path = Tutorial_Landmarks;
			sourceTree = "<group>";
		};
		1251707D295ED364004F1AFB /* Preview Content */ = {
			isa = PBXGroup;
			children = (
				1251707E295ED364004F1AFB /* Preview Assets.xcassets */,
			);
			path = "Preview Content";
			sourceTree = "<group>";
		};
		129E50D129617F61004ED21B /* Views */ = {
			isa = PBXGroup;
			children = (
				12517079295ED363004F1AFB /* ContentView.swift */,
				129E50C729616CD4004ED21B /* CircleImage.swift */,
				129E50C929616DB9004ED21B /* MapView.swift */,
				129E50D429618061004ED21B /* LandmarkRow.swift */,
				129E50D629618758004ED21B /* LandmarkList.swift */,
				129E50D82961893D004ED21B /* LandmarkDetail.swift */,
			);
			name = Views;
			sourceTree = "<group>";
		};
		129E50D229617F85004ED21B /* Model */ = {
			isa = PBXGroup;
			children = (
				129E50CF29617DCC004ED21B /* ModelData.swift */,
				129E50CD29617C21004ED21B /* Landmark.swift */,
			);
			path = Model;
			sourceTree = "<group>";
		};
		129E50D329617F97004ED21B /* Resources */ = {
			isa = PBXGroup;
			children = (
				129E50CB29617BF0004ED21B /* landmarkData.json */,
			);
			path = Resources;
			sourceTree = "<group>";
		};
/* End PBXGroup section */

/* Begin PBXNativeTarget section */
		12517073295ED363004F1AFB /* Tutorial_Landmarks */ = {
			isa = PBXNativeTarget;
			buildConfigurationList = 12517082295ED364004F1AFB /* Build configuration list for PBXNativeTarget "Tutorial_Landmarks" */;
			buildPhases = (
				12517070295ED363004F1AFB /* Sources */,
				12517071295ED363004F1AFB /* Frameworks */,
				12517072295ED363004F1AFB /* Resources */,
			);
			buildRules = (
			);
			dependencies = (
			);
			name = Tutorial_Landmarks;
			productName = Tutorial_Landmarks;
			productReference = 12517074295ED363004F1AFB /* Tutorial_Landmarks.app */;
			productType = "com.apple.product-type.application";
		};
/* End PBXNativeTarget section */

/* Begin PBXProject section */
		1251706C295ED363004F1AFB /* Project object */ = {
			isa = PBXProject;
			attributes = {
				BuildIndependentTargetsInParallel = 1;
				LastSwiftUpdateCheck = 1400;
				LastUpgradeCheck = 1400;
				TargetAttributes = {
					12517073295ED363004F1AFB = {
						CreatedOnToolsVersion = 14.0;
					};
				};
			};
			buildConfigurationList = 1251706F295ED363004F1AFB /* Build configuration list for PBXProject "Tutorial_Landmarks" */;
			compatibilityVersion = "Xcode 14.0";
			developmentRegion = en;
			hasScannedForEncodings = 0;
			knownRegions = (
				en,
				Base,
			);
			mainGroup = 1251706B295ED363004F1AFB;
			productRefGroup = 12517075295ED363004F1AFB /* Products */;
			projectDirPath = "";
			projectRoot = "";
			targets = (
				12517073295ED363004F1AFB /* Tutorial_Landmarks */,
			);
		};
/* End PBXProject section */

/* Begin PBXResourcesBuildPhase section */
		12517072295ED363004F1AFB /* Resources */ = {
			isa = PBXResourcesBuildPhase;
			buildActionMask = 2147483647;
			files = (
				1251707F295ED364004F1AFB /* Preview Assets.xcassets in Resources */,
				1251707C295ED364004F1AFB /* Assets.xcassets in Resources */,
				129E50CC29617BF0004ED21B /* landmarkData.json in Resources */,
			);
			runOnlyForDeploymentPostprocessing = 0;
		};
/* End PBXResourcesBuildPhase section */

/* Begin PBXSourcesBuildPhase section */
		12517070295ED363004F1AFB /* Sources */ = {
			isa = PBXSourcesBuildPhase;
			buildActionMask = 2147483647;
			files = (
				1251707A295ED363004F1AFB /* ContentView.swift in Sources */,
				129E50CA29616DB9004ED21B /* MapView.swift in Sources */,
				12517078295ED363004F1AFB /* Tutorial_LandmarksApp.swift in Sources */,
				129E50D729618758004ED21B /* LandmarkList.swift in Sources */,
				129E50D92961893D004ED21B /* LandmarkDetail.swift in Sources */,
				129E50C829616CD4004ED21B /* CircleImage.swift in Sources */,
				129E50CE29617C21004ED21B /* Landmark.swift in Sources */,
				129E50D529618061004ED21B /* LandmarkRow.swift in Sources */,
				129E50D029617DCC004ED21B /* ModelData.swift in Sources */,
			);
			runOnlyForDeploymentPostprocessing = 0;
		};
/* End PBXSourcesBuildPhase section */

/* Begin XCBuildConfiguration section */
		12517080295ED364004F1AFB /* Debug */ = {
			isa = XCBuildConfiguration;
			buildSettings = {
				ALWAYS_SEARCH_USER_PATHS = NO;
				CLANG_ANALYZER_NONNULL = YES;
				CLANG_ANALYZER_NUMBER_OBJECT_CONVERSION = YES_AGGRESSIVE;
				CLANG_CXX_LANGUAGE_STANDARD = "gnu++20";
				CLANG_ENABLE_MODULES = YES;
				CLANG_ENABLE_OBJC_ARC = YES;
				CLANG_ENABLE_OBJC_WEAK = YES;
				CLANG_WARN_BLOCK_CAPTURE_AUTORELEASING = YES;
				CLANG_WARN_BOOL_CONVERSION = YES;
				CLANG_WARN_COMMA = YES;
				CLANG_WARN_CONSTANT_CONVERSION = YES;
				CLANG_WARN_DEPRECATED_OBJC_IMPLEMENTATIONS = YES;
				CLANG_WARN_DIRECT_OBJC_ISA_USAGE = YES_ERROR;
				CLANG_WARN_DOCUMENTATION_COMMENTS = YES;
				CLANG_WARN_EMPTY_BODY = YES;
				CLANG_WARN_ENUM_CONVERSION = YES;
				CLANG_WARN_INFINITE_RECURSION = YES;
				CLANG_WARN_INT_CONVERSION = YES;
				CLANG_WARN_NON_LITERAL_NULL_CONVERSION = YES;
				CLANG_WARN_OBJC_IMPLICIT_RETAIN_SELF = YES;
				CLANG_WARN_OBJC_LITERAL_CONVERSION = YES;
				CLANG_WARN_OBJC_ROOT_CLASS = YES_ERROR;
				CLANG_WARN_QUOTED_INCLUDE_IN_FRAMEWORK_HEADER = YES;
				CLANG_WARN_RANGE_LOOP_ANALYSIS = YES;
				CLANG_WARN_STRICT_PROTOTYPES = YES;
				CLANG_WARN_SUSPICIOUS_MOVE = YES;
				CLANG_WARN_UNGUARDED_AVAILABILITY = YES_AGGRESSIVE;
				CLANG_WARN_UNREACHABLE_CODE = YES;
				CLANG_WARN__DUPLICATE_METHOD_MATCH = YES;
				COPY_PHASE_STRIP = NO;
				DEBUG_INFORMATION_FORMAT = dwarf;
				ENABLE_STRICT_OBJC_MSGSEND = YES;
				ENABLE_TESTABILITY = YES;
				GCC_C_LANGUAGE_STANDARD = gnu11;
				GCC_DYNAMIC_NO_PIC = NO;
				GCC_NO_COMMON_BLOCKS = YES;
				GCC_OPTIMIZATION_LEVEL = 0;
				GCC_PREPROCESSOR_DEFINITIONS = (
					"DEBUG=1",
					"$(inherited)",
				);
				GCC_WARN_64_TO_32_BIT_CONVERSION = YES;
				GCC_WARN_ABOUT_RETURN_TYPE = YES_ERROR;
				GCC_WARN_UNDECLARED_SELECTOR = YES;
				GCC_WARN_UNINITIALIZED_AUTOS = YES_AGGRESSIVE;
				GCC_WARN_UNUSED_FUNCTION = YES;
				GCC_WARN_UNUSED_VARIABLE = YES;
				IPHONEOS_DEPLOYMENT_TARGET = 16.0;
				MTL_ENABLE_DEBUG_INFO = INCLUDE_SOURCE;
				MTL_FAST_MATH = YES;
				ONLY_ACTIVE_ARCH = YES;
				SDKROOT = iphoneos;
				SWIFT_ACTIVE_COMPILATION_CONDITIONS = DEBUG;
				SWIFT_OPTIMIZATION_LEVEL = "-Onone";
			};
			name = Debug;
		};
		12517081295ED364004F1AFB /* Release */ = {
			isa = XCBuildConfiguration;
			buildSettings = {
				ALWAYS_SEARCH_USER_PATHS = NO;
				CLANG_ANALYZER_NONNULL = YES;
				CLANG_ANALYZER_NUMBER_OBJECT_CONVERSION = YES_AGGRESSIVE;
				CLANG_CXX_LANGUAGE_STANDARD = "gnu++20";
				CLANG_ENABLE_MODULES = YES;
				CLANG_ENABLE_OBJC_ARC = YES;
				CLANG_ENABLE_OBJC_WEAK = YES;
				CLANG_WARN_BLOCK_CAPTURE_AUTORELEASING = YES;
				CLANG_WARN_BOOL_CONVERSION = YES;
				CLANG_WARN_COMMA = YES;
				CLANG_WARN_CONSTANT_CONVERSION = YES;
				CLANG_WARN_DEPRECATED_OBJC_IMPLEMENTATIONS = YES;
				CLANG_WARN_DIRECT_OBJC_ISA_USAGE = YES_ERROR;
				CLANG_WARN_DOCUMENTATION_COMMENTS = YES;
				CLANG_WARN_EMPTY_BODY = YES;
				CLANG_WARN_ENUM_CONVERSION = YES;
				CLANG_WARN_INFINITE_RECURSION = YES;
				CLANG_WARN_INT_CONVERSION = YES;
				CLANG_WARN_NON_LITERAL_NULL_CONVERSION = YES;
				CLANG_WARN_OBJC_IMPLICIT_RETAIN_SELF = YES;
				CLANG_WARN_OBJC_LITERAL_CONVERSION = YES;
				CLANG_WARN_OBJC_ROOT_CLASS = YES_ERROR;
				CLANG_WARN_QUOTED_INCLUDE_IN_FRAMEWORK_HEADER = YES;
				CLANG_WARN_RANGE_LOOP_ANALYSIS = YES;
				CLANG_WARN_STRICT_PROTOTYPES = YES;
				CLANG_WARN_SUSPICIOUS_MOVE = YES;
				CLANG_WARN_UNGUARDED_AVAILABILITY = YES_AGGRESSIVE;
				CLANG_WARN_UNREACHABLE_CODE = YES;
				CLANG_WARN__DUPLICATE_METHOD_MATCH = YES;
				COPY_PHASE_STRIP = NO;
				DEBUG_INFORMATION_FORMAT = "dwarf-with-dsym";
				ENABLE_NS_ASSERTIONS = NO;
				ENABLE_STRICT_OBJC_MSGSEND = YES;
				GCC_C_LANGUAGE_STANDARD = gnu11;
				GCC_NO_COMMON_BLOCKS = YES;
				GCC_WARN_64_TO_32_BIT_CONVERSION = YES;
				GCC_WARN_ABOUT_RETURN_TYPE = YES_ERROR;
				GCC_WARN_UNDECLARED_SELECTOR = YES;
				GCC_WARN_UNINITIALIZED_AUTOS = YES_AGGRESSIVE;
				GCC_WARN_UNUSED_FUNCTION = YES;
				GCC_WARN_UNUSED_VARIABLE = YES;
				IPHONEOS_DEPLOYMENT_TARGET = 16.0;
				MTL_ENABLE_DEBUG_INFO = NO;
				MTL_FAST_MATH = YES;
				SDKROOT = iphoneos;
				SWIFT_COMPILATION_MODE = wholemodule;
				SWIFT_OPTIMIZATION_LEVEL = "-O";
				VALIDATE_PRODUCT = YES;
			};
			name = Release;
		};
		12517083295ED364004F1AFB /* Debug */ = {
			isa = XCBuildConfiguration;
			buildSettings = {
				ASSETCATALOG_COMPILER_APPICON_NAME = AppIcon;
				ASSETCATALOG_COMPILER_GLOBAL_ACCENT_COLOR_NAME = AccentColor;
				CODE_SIGN_STYLE = Automatic;
				CURRENT_PROJECT_VERSION = 1;
				DEVELOPMENT_ASSET_PATHS = "\"Tutorial_Landmarks/Preview Content\"";
				DEVELOPMENT_TEAM = 9QNSJTHSUQ;
				ENABLE_PREVIEWS = YES;
				GENERATE_INFOPLIST_FILE = YES;
				INFOPLIST_KEY_UIApplicationSceneManifest_Generation = YES;
				INFOPLIST_KEY_UIApplicationSupportsIndirectInputEvents = YES;
				INFOPLIST_KEY_UILaunchScreen_Generation = YES;
				INFOPLIST_KEY_UISupportedInterfaceOrientations_iPad = "UIInterfaceOrientationPortrait UIInterfaceOrientationPortraitUpsideDown UIInterfaceOrientationLandscapeLeft UIInterfaceOrientationLandscapeRight";
				INFOPLIST_KEY_UISupportedInterfaceOrientations_iPhone = "UIInterfaceOrientationPortrait UIInterfaceOrientationLandscapeLeft UIInterfaceOrientationLandscapeRight";
				LD_RUNPATH_SEARCH_PATHS = (
					"$(inherited)",
					"@executable_path/Frameworks",
				);
				MARKETING_VERSION = 1.0;
				PRODUCT_BUNDLE_IDENTIFIER = "com.joongwon.Tutorial-Landmarks";
				PRODUCT_NAME = "$(TARGET_NAME)";
				SWIFT_EMIT_LOC_STRINGS = YES;
				SWIFT_VERSION = 5.0;
				TARGETED_DEVICE_FAMILY = "1,2";
			};
			name = Debug;
		};
		12517084295ED364004F1AFB /* Release */ = {
			isa = XCBuildConfiguration;
			buildSettings = {
				ASSETCATALOG_COMPILER_APPICON_NAME = AppIcon;
				ASSETCATALOG_COMPILER_GLOBAL_ACCENT_COLOR_NAME = AccentColor;
				CODE_SIGN_STYLE = Automatic;
				CURRENT_PROJECT_VERSION = 1;
				DEVELOPMENT_ASSET_PATHS = "\"Tutorial_Landmarks/Preview Content\"";
				DEVELOPMENT_TEAM = 9QNSJTHSUQ;
				ENABLE_PREVIEWS = YES;
				GENERATE_INFOPLIST_FILE = YES;
				INFOPLIST_KEY_UIApplicationSceneManifest_Generation = YES;
				INFOPLIST_KEY_UIApplicationSupportsIndirectInputEvents = YES;
				INFOPLIST_KEY_UILaunchScreen_Generation = YES;
				INFOPLIST_KEY_UISupportedInterfaceOrientations_iPad = "UIInterfaceOrientationPortrait UIInterfaceOrientationPortraitUpsideDown UIInterfaceOrientationLandscapeLeft UIInterfaceOrientationLandscapeRight";
				INFOPLIST_KEY_UISupportedInterfaceOrientations_iPhone = "UIInterfaceOrientationPortrait UIInterfaceOrientationLandscapeLeft UIInterfaceOrientationLandscapeRight";
				LD_RUNPATH_SEARCH_PATHS = (
					"$(inherited)",
					"@executable_path/Frameworks",
				);
				MARKETING_VERSION = 1.0;
				PRODUCT_BUNDLE_IDENTIFIER = "com.joongwon.Tutorial-Landmarks";
				PRODUCT_NAME = "$(TARGET_NAME)";
				SWIFT_EMIT_LOC_STRINGS = YES;
				SWIFT_VERSION = 5.0;
				TARGETED_DEVICE_FAMILY = "1,2";
			};
			name = Release;
		};
/* End XCBuildConfiguration section */

/* Begin XCConfigurationList section */
		1251706F295ED363004F1AFB /* Build configuration list for PBXProject "Tutorial_Landmarks" */ = {
			isa = XCConfigurationList;
			buildConfigurations = (
				12517080295ED364004F1AFB /* Debug */,
				12517081295ED364004F1AFB /* Release */,
			);
			defaultConfigurationIsVisible = 0;
			defaultConfigurationName = Release;
		};
		12517082295ED364004F1AFB /* Build configuration list for PBXNativeTarget "Tutorial_Landmarks" */ = {
			isa = XCConfigurationList;
			buildConfigurations = (
				12517083295ED364004F1AFB /* Debug */,
				12517084295ED364004F1AFB /* Release */,
			);
			defaultConfigurationIsVisible = 0;
			defaultConfigurationName = Release;
		};
/* End XCConfigurationList section */
	};
	rootObject = 1251706C295ED363004F1AFB /* Project object */;
}
